
Microsoft Visual Studio Solution File, Format Version 12.00
# Visual Studio 2013
VisualStudioVersion = 12.0.30501.0
MinimumVisualStudioVersion = 10.0.40219.1
Project("{FAE04EC0-301F-11D3-BF4B-00C04F79EFBC}") = "BPM.Image.net.net35", "BPM.Image.net.net35\BPM.Image.net.net35.csproj", "{A5221930-54CF-48D8-A242-389FA0A7E6EB}"
EndProject
Project("{FAE04EC0-301F-11D3-BF4B-00C04F79EFBC}") = "BPM.Image.net.net40", "BPM.Image.net.net40\BPM.Image.net.net40.csproj", "{CF6CCAFC-AEFE-44B3-A687-182CDD0CB193}"
EndProject
Project("{FAE04EC0-301F-11D3-BF4B-00C04F79EFBC}") = "BPM.Image.net.net45", "BPM.Image.net.net45\BPM.Image.net.net45.csproj", "{500FEEF0-9F69-403F-AE4D-1117FE5B6672}"
EndProject
Project("{FAE04EC0-301F-11D3-BF4B-00C04F79EFBC}") = "BPM.Image.net.Example.net35", "BPM.Image.net.Example.net35\BPM.Image.net.Example.net35.csproj", "{B53DDC12-4564-4AD9-BDFB-DB90763B3478}"
EndProject
Project("{FAE04EC0-301F-11D3-BF4B-00C04F79EFBC}") = "BPM.Image.net.net451", "BPM.Image.net.net451\BPM.Image.net.net451.csproj", "{3F4A543C-A9CF-47D3-B760-959336CF6659}"
EndProject
Project("{FAE04EC0-301F-11D3-BF4B-00C04F79EFBC}") = "BPM.Image.net.net30", "BPM.Image.net.net30\BPM.Image.net.net30.csproj", "{5EA196FA-D132-49AF-AA8D-ACA591DE8D7D}"
EndProject
Project("{FAE04EC0-301F-11D3-BF4B-00C04F79EFBC}") = "BPM.Image.net.net20", "BPM.Image.net.net20\BPM.Image.net.net20.csproj", "{7E36EDE5-0EC4-4AD1-A118-E3336153654C}"
EndProject
Global
	GlobalSection(SolutionConfigurationPlatforms) = preSolution
		Debug|Any CPU = Debug|Any CPU
		Release|Any CPU = Release|Any CPU
	EndGlobalSection
	GlobalSection(ProjectConfigurationPlatforms) = postSolution
		{A5221930-54CF-48D8-A242-389FA0A7E6EB}.Debug|Any CPU.ActiveCfg = Debug|Any CPU
		{A5221930-54CF-48D8-A242-389FA0A7E6EB}.Debug|Any CPU.Build.0 = Debug|Any CPU
		{A5221930-54CF-48D8-A242-389FA0A7E6EB}.Release|Any CPU.ActiveCfg = Release|Any CPU
		{A5221930-54CF-48D8-A242-389FA0A7E6EB}.Release|Any CPU.Build.0 = Release|Any CPU
		{CF6CCAFC-AEFE-44B3-A687-182CDD0CB193}.Debug|Any CPU.ActiveCfg = Debug|Any CPU
		{CF6CCAFC-AEFE-44B3-A687-182CDD0CB193}.Debug|Any CPU.Build.0 = Debug|Any CPU
		{CF6CCAFC-AEFE-44B3-A687-182CDD0CB193}.Release|Any CPU.ActiveCfg = Release|Any CPU
		{CF6CCAFC-AEFE-44B3-A687-182CDD0CB193}.Release|Any CPU.Build.0 = Release|Any CPU
		{500FEEF0-9F69-403F-AE4D-1117FE5B6672}.Debug|Any CPU.ActiveCfg = Debug|Any CPU
		{500FEEF0-9F69-403F-AE4D-1117FE5B6672}.Debug|Any CPU.Build.0 = Debug|Any CPU
		{500FEEF0-9F69-403F-AE4D-1117FE5B6672}.Release|Any CPU.ActiveCfg = Release|Any CPU
		{500FEEF0-9F69-403F-AE4D-1117FE5B6672}.Release|Any CPU.Build.0 = Release|Any CPU
		{B53DDC12-4564-4AD9-BDFB-DB90763B3478}.Debug|Any CPU.ActiveCfg = Debug|Any CPU
		{B53DDC12-4564-4AD9-BDFB-DB90763B3478}.Debug|Any CPU.Build.0 = Debug|Any CPU
		{B53DDC12-4564-4AD9-BDFB-DB90763B3478}.Release|Any CPU.ActiveCfg = Release|Any CPU
		{B53DDC12-4564-4AD9-BDFB-DB90763B3478}.Release|Any CPU.Build.0 = Release|Any CPU
		{3F4A543C-A9CF-47D3-B760-959336CF6659}.Debug|Any CPU.ActiveCfg = Debug|Any CPU
		{3F4A543C-A9CF-47D3-B760-959336CF6659}.Debug|Any CPU.Build.0 = Debug|Any CPU
		{3F4A543C-A9CF-47D3-B760-959336CF6659}.Release|Any CPU.ActiveCfg = Release|Any CPU
		{3F4A543C-A9CF-47D3-B760-959336CF6659}.Release|Any CPU.Build.0 = Release|Any CPU
		{5EA196FA-D132-49AF-AA8D-ACA591DE8D7D}.Debug|Any CPU.ActiveCfg = Debug|Any CPU
		{5EA196FA-D132-49AF-AA8D-ACA591DE8D7D}.Debug|Any CPU.Build.0 = Debug|Any CPU
		{5EA196FA-D132-49AF-AA8D-ACA591DE8D7D}.Release|Any CPU.ActiveCfg = Release|Any CPU
		{5EA196FA-D132-49AF-AA8D-ACA591DE8D7D}.Release|Any CPU.Build.0 = Release|Any CPU
		{7E36EDE5-0EC4-4AD1-A118-E3336153654C}.Debug|Any CPU.ActiveCfg = Debug|Any CPU
		{7E36EDE5-0EC4-4AD1-A118-E3336153654C}.Debug|Any CPU.Build.0 = Debug|Any CPU
		{7E36EDE5-0EC4-4AD1-A118-E3336153654C}.Release|Any CPU.ActiveCfg = Release|Any CPU
		{7E36EDE5-0EC4-4AD1-A118-E3336153654C}.Release|Any CPU.Build.0 = Release|Any CPU
	EndGlobalSection
	GlobalSection(SolutionProperties) = preSolution
		HideSolutionNode = FALSE
	EndGlobalSection
EndGlobal
