
Microsoft Visual Studio Solution File, Format Version 12.00
# Visual Studio 2013
VisualStudioVersion = 12.0.30501.0
MinimumVisualStudioVersion = 10.0.40219.1
Project("{FAE04EC0-301F-11D3-BF4B-00C04F79EFBC}") = "BPMWebsite", "BPMWebsite\BPMWebsite.csproj", "{210EDB26-456E-4269-8DD6-F44C4B3062A9}"
EndProject
Project("{FAE04EC0-301F-11D3-BF4B-00C04F79EFBC}") = "BPM.Data", "BPM.Data\BPM.Data.csproj", "{7F936E65-8514-4A4A-A7AF-436CF6D7D930}"
EndProject
Project("{FAE04EC0-301F-11D3-BF4B-00C04F79EFBC}") = "BPM.Service", "BPM.Service\BPM.Service.csproj", "{066FE110-A0F8-4476-B05A-0F8AE8AF8FD2}"
EndProject
Global
	GlobalSection(SolutionConfigurationPlatforms) = preSolution
		Debug|Any CPU = Debug|Any CPU
		Release|Any CPU = Release|Any CPU
	EndGlobalSection
	GlobalSection(ProjectConfigurationPlatforms) = postSolution
		{210EDB26-456E-4269-8DD6-F44C4B3062A9}.Debug|Any CPU.ActiveCfg = Debug|Any CPU
		{210EDB26-456E-4269-8DD6-F44C4B3062A9}.Debug|Any CPU.Build.0 = Debug|Any CPU
		{210EDB26-456E-4269-8DD6-F44C4B3062A9}.Release|Any CPU.ActiveCfg = Release|Any CPU
		{210EDB26-456E-4269-8DD6-F44C4B3062A9}.Release|Any CPU.Build.0 = Release|Any CPU
		{7F936E65-8514-4A4A-A7AF-436CF6D7D930}.Debug|Any CPU.ActiveCfg = Debug|Any CPU
		{7F936E65-8514-4A4A-A7AF-436CF6D7D930}.Debug|Any CPU.Build.0 = Debug|Any CPU
		{7F936E65-8514-4A4A-A7AF-436CF6D7D930}.Release|Any CPU.ActiveCfg = Release|Any CPU
		{7F936E65-8514-4A4A-A7AF-436CF6D7D930}.Release|Any CPU.Build.0 = Release|Any CPU
		{066FE110-A0F8-4476-B05A-0F8AE8AF8FD2}.Debug|Any CPU.ActiveCfg = Debug|Any CPU
		{066FE110-A0F8-4476-B05A-0F8AE8AF8FD2}.Debug|Any CPU.Build.0 = Debug|Any CPU
		{066FE110-A0F8-4476-B05A-0F8AE8AF8FD2}.Release|Any CPU.ActiveCfg = Release|Any CPU
		{066FE110-A0F8-4476-B05A-0F8AE8AF8FD2}.Release|Any CPU.Build.0 = Release|Any CPU
	EndGlobalSection
	GlobalSection(SolutionProperties) = preSolution
		HideSolutionNode = FALSE
	EndGlobalSection
EndGlobal
