
Microsoft Visual Studio Solution File, Format Version 12.00
# Visual Studio 2013
VisualStudioVersion = 12.0.30723.0
MinimumVisualStudioVersion = 10.0.40219.1
Project("{FAE04EC0-301F-11D3-BF4B-00C04F79EFBC}") = "jsonp.demo", "jsonp.demo\jsonp.demo.csproj", "{FCC25F7D-1F2A-4BB8-B4F6-64F930D14A37}"
EndProject
Project("{FAE04EC0-301F-11D3-BF4B-00C04F79EFBC}") = "jsonp.provider", "jsonp.provider\jsonp.provider.csproj", "{5B2224B9-7A85-4440-894D-E522D0E9DD53}"
EndProject
Global
	GlobalSection(SolutionConfigurationPlatforms) = preSolution
		Debug|Any CPU = Debug|Any CPU
		Release|Any CPU = Release|Any CPU
	EndGlobalSection
	GlobalSection(ProjectConfigurationPlatforms) = postSolution
		{FCC25F7D-1F2A-4BB8-B4F6-64F930D14A37}.Debug|Any CPU.ActiveCfg = Debug|Any CPU
		{FCC25F7D-1F2A-4BB8-B4F6-64F930D14A37}.Debug|Any CPU.Build.0 = Debug|Any CPU
		{FCC25F7D-1F2A-4BB8-B4F6-64F930D14A37}.Release|Any CPU.ActiveCfg = Release|Any CPU
		{FCC25F7D-1F2A-4BB8-B4F6-64F930D14A37}.Release|Any CPU.Build.0 = Release|Any CPU
		{5B2224B9-7A85-4440-894D-E522D0E9DD53}.Debug|Any CPU.ActiveCfg = Debug|Any CPU
		{5B2224B9-7A85-4440-894D-E522D0E9DD53}.Debug|Any CPU.Build.0 = Debug|Any CPU
		{5B2224B9-7A85-4440-894D-E522D0E9DD53}.Release|Any CPU.ActiveCfg = Release|Any CPU
		{5B2224B9-7A85-4440-894D-E522D0E9DD53}.Release|Any CPU.Build.0 = Release|Any CPU
	EndGlobalSection
	GlobalSection(SolutionProperties) = preSolution
		HideSolutionNode = FALSE
	EndGlobalSection
EndGlobal
