
Microsoft Visual Studio Solution File, Format Version 12.00
# Visual Studio 2013
VisualStudioVersion = 12.0.30723.0
MinimumVisualStudioVersion = 10.0.40219.1
Project("{FAE04EC0-301F-11D3-BF4B-00C04F79EFBC}") = "MailKit.Demo", "MailKit.Demo\MailKit.Demo.csproj", "{5B4B0BAC-B26E-4DCF-8A40-AC227999D54A}"
EndProject
Project("{FAE04EC0-301F-11D3-BF4B-00C04F79EFBC}") = "MailKit.Template.Demo", "MailKit.Template.Demo\MailKit.Template.Demo.csproj", "{A373286B-1F97-4E76-98A9-B9A7C9893036}"
EndProject
Global
	GlobalSection(SolutionConfigurationPlatforms) = preSolution
		Debug|Any CPU = Debug|Any CPU
		Release|Any CPU = Release|Any CPU
	EndGlobalSection
	GlobalSection(ProjectConfigurationPlatforms) = postSolution
		{5B4B0BAC-B26E-4DCF-8A40-AC227999D54A}.Debug|Any CPU.ActiveCfg = Debug|Any CPU
		{5B4B0BAC-B26E-4DCF-8A40-AC227999D54A}.Debug|Any CPU.Build.0 = Debug|Any CPU
		{5B4B0BAC-B26E-4DCF-8A40-AC227999D54A}.Release|Any CPU.ActiveCfg = Release|Any CPU
		{5B4B0BAC-B26E-4DCF-8A40-AC227999D54A}.Release|Any CPU.Build.0 = Release|Any CPU
		{A373286B-1F97-4E76-98A9-B9A7C9893036}.Debug|Any CPU.ActiveCfg = Debug|Any CPU
		{A373286B-1F97-4E76-98A9-B9A7C9893036}.Debug|Any CPU.Build.0 = Debug|Any CPU
		{A373286B-1F97-4E76-98A9-B9A7C9893036}.Release|Any CPU.ActiveCfg = Release|Any CPU
		{A373286B-1F97-4E76-98A9-B9A7C9893036}.Release|Any CPU.Build.0 = Release|Any CPU
	EndGlobalSection
	GlobalSection(SolutionProperties) = preSolution
		HideSolutionNode = FALSE
	EndGlobalSection
EndGlobal
