
Microsoft Visual Studio Solution File, Format Version 12.00
# Visual Studio 2013
VisualStudioVersion = 12.0.30723.0
MinimumVisualStudioVersion = 10.0.40219.1
Project("{FAE04EC0-301F-11D3-BF4B-00C04F79EFBC}") = "ReadableUrl", "ReadableUrl\ReadableUrl.csproj", "{E8733687-161C-4CB5-8CC3-A523BFCE1E84}"
EndProject
Project("{FAE04EC0-301F-11D3-BF4B-00C04F79EFBC}") = "ReadableUrl.Console", "ReadableUrl.Console\ReadableUrl.Console.csproj", "{8134FFCA-0AA0-48BE-94E3-8D01CEA0D7A2}"
EndProject
Global
	GlobalSection(SolutionConfigurationPlatforms) = preSolution
		Debug|Any CPU = Debug|Any CPU
		Release|Any CPU = Release|Any CPU
	EndGlobalSection
	GlobalSection(ProjectConfigurationPlatforms) = postSolution
		{E8733687-161C-4CB5-8CC3-A523BFCE1E84}.Debug|Any CPU.ActiveCfg = Debug|Any CPU
		{E8733687-161C-4CB5-8CC3-A523BFCE1E84}.Debug|Any CPU.Build.0 = Debug|Any CPU
		{E8733687-161C-4CB5-8CC3-A523BFCE1E84}.Release|Any CPU.ActiveCfg = Release|Any CPU
		{E8733687-161C-4CB5-8CC3-A523BFCE1E84}.Release|Any CPU.Build.0 = Release|Any CPU
		{8134FFCA-0AA0-48BE-94E3-8D01CEA0D7A2}.Debug|Any CPU.ActiveCfg = Debug|Any CPU
		{8134FFCA-0AA0-48BE-94E3-8D01CEA0D7A2}.Debug|Any CPU.Build.0 = Debug|Any CPU
		{8134FFCA-0AA0-48BE-94E3-8D01CEA0D7A2}.Release|Any CPU.ActiveCfg = Release|Any CPU
		{8134FFCA-0AA0-48BE-94E3-8D01CEA0D7A2}.Release|Any CPU.Build.0 = Release|Any CPU
	EndGlobalSection
	GlobalSection(SolutionProperties) = preSolution
		HideSolutionNode = FALSE
	EndGlobalSection
EndGlobal
