
Microsoft Visual Studio Solution File, Format Version 12.00
# Visual Studio 2012
Project("{F2A71F9B-5D33-465A-A702-920D77279786}") = "EightQueens-FSharp", "EightQueens-FSharp\EightQueens-FSharp.fsproj", "{236A2869-B1A2-4F04-8AC8-AB4B9E06FE17}"
EndProject
Global
	GlobalSection(SolutionConfigurationPlatforms) = preSolution
		Debug|Any CPU = Debug|Any CPU
		Release|Any CPU = Release|Any CPU
	EndGlobalSection
	GlobalSection(ProjectConfigurationPlatforms) = postSolution
		{236A2869-B1A2-4F04-8AC8-AB4B9E06FE17}.Debug|Any CPU.ActiveCfg = Debug|Any CPU
		{236A2869-B1A2-4F04-8AC8-AB4B9E06FE17}.Debug|Any CPU.Build.0 = Debug|Any CPU
		{236A2869-B1A2-4F04-8AC8-AB4B9E06FE17}.Release|Any CPU.ActiveCfg = Release|Any CPU
		{236A2869-B1A2-4F04-8AC8-AB4B9E06FE17}.Release|Any CPU.Build.0 = Release|Any CPU
	EndGlobalSection
	GlobalSection(SolutionProperties) = preSolution
		HideSolutionNode = FALSE
	EndGlobalSection
EndGlobal
